
Microsoft Visual Studio Solution File, Format Version 12.00
# Visual Studio Version 17
VisualStudioVersion = 17.0.31903.59
MinimumVisualStudioVersion = 10.0.40219.1
Project("{2150E333-8FDC-42A3-9474-1A3956D46DE8}") = "src", "src", "{827E0CD3-B72D-47B6-A68D-7590B98EB39B}"
EndProject
Project("{FAE04EC0-301F-11D3-BF4B-00C04F79EFBC}") = "Domain", "src\Domain\Domain.csproj", "{4ACC33F4-319F-4B62-95C4-45A223E1CBE6}"
EndProject
Project("{FAE04EC0-301F-11D3-BF4B-00C04F79EFBC}") = "Application", "src\Application\Application.csproj", "{1D226303-571C-4286-A314-289FE024603C}"
EndProject
Project("{FAE04EC0-301F-11D3-BF4B-00C04F79EFBC}") = "Api", "src\Api\Api.csproj", "{93127E54-342F-4FA9-B022-2B02C63DCAA2}"
EndProject
Project("{FAE04EC0-301F-11D3-BF4B-00C04F79EFBC}") = "Infrastructure", "src\Infrastructure\Infrastructure.csproj", "{87B2CF93-F612-4468-B78D-E4E77C963C99}"
EndProject
Project("{2150E333-8FDC-42A3-9474-1A3956D46DE8}") = "tests", "tests", "{9DA29248-D053-4626-8E2A-F13A2EF98E57}"
EndProject
Project("{FAE04EC0-301F-11D3-BF4B-00C04F79EFBC}") = "Infrastructure.Tests", "tests\Infrastructure.Tests\Infrastructure.Tests.csproj", "{32A235C6-9715-46B3-8B6B-7E62EC886842}"
EndProject
Global
	GlobalSection(SolutionConfigurationPlatforms) = preSolution
		Debug|Any CPU = Debug|Any CPU
		Debug|x64 = Debug|x64
		Debug|x86 = Debug|x86
		Release|Any CPU = Release|Any CPU
		Release|x64 = Release|x64
		Release|x86 = Release|x86
	EndGlobalSection
	GlobalSection(ProjectConfigurationPlatforms) = postSolution
		{4ACC33F4-319F-4B62-95C4-45A223E1CBE6}.Debug|Any CPU.ActiveCfg = Debug|Any CPU
		{4ACC33F4-319F-4B62-95C4-45A223E1CBE6}.Debug|Any CPU.Build.0 = Debug|Any CPU
		{4ACC33F4-319F-4B62-95C4-45A223E1CBE6}.Debug|x64.ActiveCfg = Debug|Any CPU
		{4ACC33F4-319F-4B62-95C4-45A223E1CBE6}.Debug|x64.Build.0 = Debug|Any CPU
		{4ACC33F4-319F-4B62-95C4-45A223E1CBE6}.Debug|x86.ActiveCfg = Debug|Any CPU
		{4ACC33F4-319F-4B62-95C4-45A223E1CBE6}.Debug|x86.Build.0 = Debug|Any CPU
		{4ACC33F4-319F-4B62-95C4-45A223E1CBE6}.Release|Any CPU.ActiveCfg = Release|Any CPU
		{4ACC33F4-319F-4B62-95C4-45A223E1CBE6}.Release|Any CPU.Build.0 = Release|Any CPU
		{4ACC33F4-319F-4B62-95C4-45A223E1CBE6}.Release|x64.ActiveCfg = Release|Any CPU
		{4ACC33F4-319F-4B62-95C4-45A223E1CBE6}.Release|x64.Build.0 = Release|Any CPU
		{4ACC33F4-319F-4B62-95C4-45A223E1CBE6}.Release|x86.ActiveCfg = Release|Any CPU
		{4ACC33F4-319F-4B62-95C4-45A223E1CBE6}.Release|x86.Build.0 = Release|Any CPU
		{1D226303-571C-4286-A314-289FE024603C}.Debug|Any CPU.ActiveCfg = Debug|Any CPU
		{1D226303-571C-4286-A314-289FE024603C}.Debug|Any CPU.Build.0 = Debug|Any CPU
		{1D226303-571C-4286-A314-289FE024603C}.Debug|x64.ActiveCfg = Debug|Any CPU
		{1D226303-571C-4286-A314-289FE024603C}.Debug|x64.Build.0 = Debug|Any CPU
		{1D226303-571C-4286-A314-289FE024603C}.Debug|x86.ActiveCfg = Debug|Any CPU
		{1D226303-571C-4286-A314-289FE024603C}.Debug|x86.Build.0 = Debug|Any CPU
		{1D226303-571C-4286-A314-289FE024603C}.Release|Any CPU.ActiveCfg = Release|Any CPU
		{1D226303-571C-4286-A314-289FE024603C}.Release|Any CPU.Build.0 = Release|Any CPU
		{1D226303-571C-4286-A314-289FE024603C}.Release|x64.ActiveCfg = Release|Any CPU
		{1D226303-571C-4286-A314-289FE024603C}.Release|x64.Build.0 = Release|Any CPU
		{1D226303-571C-4286-A314-289FE024603C}.Release|x86.ActiveCfg = Release|Any CPU
		{1D226303-571C-4286-A314-289FE024603C}.Release|x86.Build.0 = Release|Any CPU
		{93127E54-342F-4FA9-B022-2B02C63DCAA2}.Debug|Any CPU.ActiveCfg = Debug|Any CPU
		{93127E54-342F-4FA9-B022-2B02C63DCAA2}.Debug|Any CPU.Build.0 = Debug|Any CPU
		{93127E54-342F-4FA9-B022-2B02C63DCAA2}.Debug|x64.ActiveCfg = Debug|Any CPU
		{93127E54-342F-4FA9-B022-2B02C63DCAA2}.Debug|x64.Build.0 = Debug|Any CPU
		{93127E54-342F-4FA9-B022-2B02C63DCAA2}.Debug|x86.ActiveCfg = Debug|Any CPU
		{93127E54-342F-4FA9-B022-2B02C63DCAA2}.Debug|x86.Build.0 = Debug|Any CPU
		{93127E54-342F-4FA9-B022-2B02C63DCAA2}.Release|Any CPU.ActiveCfg = Release|Any CPU
		{93127E54-342F-4FA9-B022-2B02C63DCAA2}.Release|Any CPU.Build.0 = Release|Any CPU
		{93127E54-342F-4FA9-B022-2B02C63DCAA2}.Release|x64.ActiveCfg = Release|Any CPU
		{93127E54-342F-4FA9-B022-2B02C63DCAA2}.Release|x64.Build.0 = Release|Any CPU
		{93127E54-342F-4FA9-B022-2B02C63DCAA2}.Release|x86.ActiveCfg = Release|Any CPU
		{93127E54-342F-4FA9-B022-2B02C63DCAA2}.Release|x86.Build.0 = Release|Any CPU
		{87B2CF93-F612-4468-B78D-E4E77C963C99}.Debug|Any CPU.ActiveCfg = Debug|Any CPU
		{87B2CF93-F612-4468-B78D-E4E77C963C99}.Debug|Any CPU.Build.0 = Debug|Any CPU
		{87B2CF93-F612-4468-B78D-E4E77C963C99}.Debug|x64.ActiveCfg = Debug|Any CPU
		{87B2CF93-F612-4468-B78D-E4E77C963C99}.Debug|x64.Build.0 = Debug|Any CPU
		{87B2CF93-F612-4468-B78D-E4E77C963C99}.Debug|x86.ActiveCfg = Debug|Any CPU
		{87B2CF93-F612-4468-B78D-E4E77C963C99}.Debug|x86.Build.0 = Debug|Any CPU
		{87B2CF93-F612-4468-B78D-E4E77C963C99}.Release|Any CPU.ActiveCfg = Release|Any CPU
		{87B2CF93-F612-4468-B78D-E4E77C963C99}.Release|Any CPU.Build.0 = Release|Any CPU
		{87B2CF93-F612-4468-B78D-E4E77C963C99}.Release|x64.ActiveCfg = Release|Any CPU
		{87B2CF93-F612-4468-B78D-E4E77C963C99}.Release|x64.Build.0 = Release|Any CPU
		{87B2CF93-F612-4468-B78D-E4E77C963C99}.Release|x86.ActiveCfg = Release|Any CPU
		{87B2CF93-F612-4468-B78D-E4E77C963C99}.Release|x86.Build.0 = Release|Any CPU
		{32A235C6-9715-46B3-8B6B-7E62EC886842}.Debug|Any CPU.ActiveCfg = Debug|Any CPU
		{32A235C6-9715-46B3-8B6B-7E62EC886842}.Debug|Any CPU.Build.0 = Debug|Any CPU
		{32A235C6-9715-46B3-8B6B-7E62EC886842}.Debug|x64.ActiveCfg = Debug|Any CPU
		{32A235C6-9715-46B3-8B6B-7E62EC886842}.Debug|x64.Build.0 = Debug|Any CPU
		{32A235C6-9715-46B3-8B6B-7E62EC886842}.Debug|x86.ActiveCfg = Debug|Any CPU
		{32A235C6-9715-46B3-8B6B-7E62EC886842}.Debug|x86.Build.0 = Debug|Any CPU
		{32A235C6-9715-46B3-8B6B-7E62EC886842}.Release|Any CPU.ActiveCfg = Release|Any CPU
		{32A235C6-9715-46B3-8B6B-7E62EC886842}.Release|Any CPU.Build.0 = Release|Any CPU
		{32A235C6-9715-46B3-8B6B-7E62EC886842}.Release|x64.ActiveCfg = Release|Any CPU
		{32A235C6-9715-46B3-8B6B-7E62EC886842}.Release|x64.Build.0 = Release|Any CPU
		{32A235C6-9715-46B3-8B6B-7E62EC886842}.Release|x86.ActiveCfg = Release|Any CPU
		{32A235C6-9715-46B3-8B6B-7E62EC886842}.Release|x86.Build.0 = Release|Any CPU
	EndGlobalSection
	GlobalSection(SolutionProperties) = preSolution
		HideSolutionNode = FALSE
	EndGlobalSection
	GlobalSection(NestedProjects) = preSolution
		{4ACC33F4-319F-4B62-95C4-45A223E1CBE6} = {827E0CD3-B72D-47B6-A68D-7590B98EB39B}
		{1D226303-571C-4286-A314-289FE024603C} = {827E0CD3-B72D-47B6-A68D-7590B98EB39B}
		{93127E54-342F-4FA9-B022-2B02C63DCAA2} = {827E0CD3-B72D-47B6-A68D-7590B98EB39B}
		{87B2CF93-F612-4468-B78D-E4E77C963C99} = {827E0CD3-B72D-47B6-A68D-7590B98EB39B}
		{32A235C6-9715-46B3-8B6B-7E62EC886842} = {9DA29248-D053-4626-8E2A-F13A2EF98E57}
	EndGlobalSection
EndGlobal
